<?xml version="1.0" encoding="UTF-8"?>
<!DOCTYPE plist PUBLIC "-//Apple//DTD PLIST 1.0//EN" "http://www.apple.com/DTDs/PropertyList-1.0.dtd">
<plist version="1.0">
<dict>
	<key>BuildNumber</key>
	<string>430000114</string>
	<key>BundleIdentifier</key>
	<string>com.barebones.bbedit</string>
	<key>HostIdentifier</key>
	<string>2844B71B-7421-5F3A-BC9A-4CFFA573B973</string>
	<key>HostName</key>
	<string>MacBook Air di Marco</string>
	<key>LockDate</key>
	<date>2025-12-26T19:10:30Z</date>
	<key>LockID</key>
	<string>8D898EBC-DD54-43AF-931A-F07710BA3826</string>
	<key>MarketingVersion</key>
	<string>15.5.4</string>
	<key>NetworkVolume</key>
	<false/>
	<key>ProcessIdentifier</key>
	<integer>32794</integer>
	<key>UserName</key>
	<string>marcomedori</string>
	<key>Version</key>
	<integer>3</integer>
	<key>VolumeIdentifier</key>
	<string>D389D134-FAB4-4CB1-8A65-F3DADFA343DD</string>
</dict>
</plist>
